
Microsoft Visual Studio Solution File, Format Version 12.00
# Visual Studio Version 17
VisualStudioVersion = 17.5.33424.131
MinimumVisualStudioVersion = 10.0.40219.1
Project("{9A19103F-16F7-4668-BE54-9A1E7A4F7556}") = "mon_site", "mon_site\mon_site.csproj", "{5B1A4AF2-C364-4A95-99F4-2E8941E634AF}"
EndProject
Global
	GlobalSection(SolutionConfigurationPlatforms) = preSolution
		Debug|Any CPU = Debug|Any CPU
		Release|Any CPU = Release|Any CPU
	EndGlobalSection
	GlobalSection(ProjectConfigurationPlatforms) = postSolution
		{5B1A4AF2-C364-4A95-99F4-2E8941E634AF}.Debug|Any CPU.ActiveCfg = Debug|Any CPU
		{5B1A4AF2-C364-4A95-99F4-2E8941E634AF}.Debug|Any CPU.Build.0 = Debug|Any CPU
		{5B1A4AF2-C364-4A95-99F4-2E8941E634AF}.Release|Any CPU.ActiveCfg = Release|Any CPU
		{5B1A4AF2-C364-4A95-99F4-2E8941E634AF}.Release|Any CPU.Build.0 = Release|Any CPU
	EndGlobalSection
	GlobalSection(SolutionProperties) = preSolution
		HideSolutionNode = FALSE
	EndGlobalSection
	GlobalSection(ExtensibilityGlobals) = postSolution
		SolutionGuid = {7BBFDBA2-BCC6-4D80-BB99-24F9430F61D2}
	EndGlobalSection
EndGlobal
